// !$*UTF8*$!
{
	archiveVersion = 1;
	classes = {
	};
	objectVersion = 56;
	objects = {

/* Begin PBXBuildFile section */
		C11D71D62A454DFF00B31C26 /* AppDelegate.swift in Sources */ = {isa = PBXBuildFile; fileRef = C11D71D52A454DFF00B31C26 /* AppDelegate.swift */; };
		C11D71D82A454DFF00B31C26 /* SceneDelegate.swift in Sources */ = {isa = PBXBuildFile; fileRef = C11D71D72A454DFF00B31C26 /* SceneDelegate.swift */; };
		C11D71DF2A454E0100B31C26 /* Assets.xcassets in Resources */ = {isa = PBXBuildFile; fileRef = C11D71DE2A454E0100B31C26 /* Assets.xcassets */; };
		C11D71E22A454E0100B31C26 /* LaunchScreen.storyboard in Resources */ = {isa = PBXBuildFile; fileRef = C11D71E02A454E0100B31C26 /* LaunchScreen.storyboard */; };
		C15654532A4E3F3100E6E42A /* ULService.swift in Sources */ = {isa = PBXBuildFile; fileRef = C15654522A4E3F3100E6E42A /* ULService.swift */; };
		C15654552A4E3F3F00E6E42A /* ULEndpoint.swift in Sources */ = {isa = PBXBuildFile; fileRef = C15654542A4E3F3F00E6E42A /* ULEndpoint.swift */; };
		C15654572A4E3F4D00E6E42A /* ULRequest.swift in Sources */ = {isa = PBXBuildFile; fileRef = C15654562A4E3F4D00E6E42A /* ULRequest.swift */; };
		C156545A2A4E403600E6E42A /* ULAPICacheManager.swift in Sources */ = {isa = PBXBuildFile; fileRef = C15654592A4E403600E6E42A /* ULAPICacheManager.swift */; };
		C1B1513B2A4BF4110011620D /* ULTabBarViewController.swift in Sources */ = {isa = PBXBuildFile; fileRef = C1B1513A2A4BF4110011620D /* ULTabBarViewController.swift */; };
		C1B1513D2A4BF4220011620D /* ULHomeViewController.swift in Sources */ = {isa = PBXBuildFile; fileRef = C1B1513C2A4BF4220011620D /* ULHomeViewController.swift */; };
		C1B1513F2A4BF4320011620D /* ULMessageViewController.swift in Sources */ = {isa = PBXBuildFile; fileRef = C1B1513E2A4BF4320011620D /* ULMessageViewController.swift */; };
		C1B151412A4BF43D0011620D /* ULProfileViewController.swift in Sources */ = {isa = PBXBuildFile; fileRef = C1B151402A4BF43D0011620D /* ULProfileViewController.swift */; };
/* End PBXBuildFile section */

/* Begin PBXFileReference section */
		C11D71D22A454DFF00B31C26 /* ulearning_app_ios.app */ = {isa = PBXFileReference; explicitFileType = wrapper.application; includeInIndex = 0; path = ulearning_app_ios.app; sourceTree = BUILT_PRODUCTS_DIR; };
		C11D71D52A454DFF00B31C26 /* AppDelegate.swift */ = {isa = PBXFileReference; lastKnownFileType = sourcecode.swift; path = AppDelegate.swift; sourceTree = "<group>"; };
		C11D71D72A454DFF00B31C26 /* SceneDelegate.swift */ = {isa = PBXFileReference; lastKnownFileType = sourcecode.swift; path = SceneDelegate.swift; sourceTree = "<group>"; };
		C11D71DE2A454E0100B31C26 /* Assets.xcassets */ = {isa = PBXFileReference; lastKnownFileType = folder.assetcatalog; path = Assets.xcassets; sourceTree = "<group>"; };
		C11D71E12A454E0100B31C26 /* Base */ = {isa = PBXFileReference; lastKnownFileType = file.storyboard; name = Base; path = Base.lproj/LaunchScreen.storyboard; sourceTree = "<group>"; };
		C11D71E32A454E0100B31C26 /* Info.plist */ = {isa = PBXFileReference; lastKnownFileType = text.plist.xml; path = Info.plist; sourceTree = "<group>"; };
		C15654522A4E3F3100E6E42A /* ULService.swift */ = {isa = PBXFileReference; lastKnownFileType = sourcecode.swift; path = ULService.swift; sourceTree = "<group>"; };
		C15654542A4E3F3F00E6E42A /* ULEndpoint.swift */ = {isa = PBXFileReference; lastKnownFileType = sourcecode.swift; path = ULEndpoint.swift; sourceTree = "<group>"; };
		C15654562A4E3F4D00E6E42A /* ULRequest.swift */ = {isa = PBXFileReference; lastKnownFileType = sourcecode.swift; path = ULRequest.swift; sourceTree = "<group>"; };
		C15654592A4E403600E6E42A /* ULAPICacheManager.swift */ = {isa = PBXFileReference; lastKnownFileType = sourcecode.swift; path = ULAPICacheManager.swift; sourceTree = "<group>"; };
		C1B1513A2A4BF4110011620D /* ULTabBarViewController.swift */ = {isa = PBXFileReference; lastKnownFileType = sourcecode.swift; path = ULTabBarViewController.swift; sourceTree = "<group>"; };
		C1B1513C2A4BF4220011620D /* ULHomeViewController.swift */ = {isa = PBXFileReference; lastKnownFileType = sourcecode.swift; path = ULHomeViewController.swift; sourceTree = "<group>"; };
		C1B1513E2A4BF4320011620D /* ULMessageViewController.swift */ = {isa = PBXFileReference; lastKnownFileType = sourcecode.swift; path = ULMessageViewController.swift; sourceTree = "<group>"; };
		C1B151402A4BF43D0011620D /* ULProfileViewController.swift */ = {isa = PBXFileReference; lastKnownFileType = sourcecode.swift; path = ULProfileViewController.swift; sourceTree = "<group>"; };
/* End PBXFileReference section */

/* Begin PBXFrameworksBuildPhase section */
		C11D71CF2A454DFF00B31C26 /* Frameworks */ = {
			isa = PBXFrameworksBuildPhase;
			buildActionMask = 2147483647;
			files = (
			);
			runOnlyForDeploymentPostprocessing = 0;
		};
/* End PBXFrameworksBuildPhase section */

/* Begin PBXGroup section */
		C11D71C92A454DFF00B31C26 = {
			isa = PBXGroup;
			children = (
				C11D71D42A454DFF00B31C26 /* ulearning_app_ios */,
				C11D71D32A454DFF00B31C26 /* Products */,
			);
			sourceTree = "<group>";
		};
		C11D71D32A454DFF00B31C26 /* Products */ = {
			isa = PBXGroup;
			children = (
				C11D71D22A454DFF00B31C26 /* ulearning_app_ios.app */,
			);
			name = Products;
			sourceTree = "<group>";
		};
		C11D71D42A454DFF00B31C26 /* ulearning_app_ios */ = {
			isa = PBXGroup;
			children = (
				C15654582A4E3FCB00E6E42A /* Managers */,
				C15654512A4E3F1600E6E42A /* APIClient */,
				C1B151422A4BF4480011620D /* Resources */,
				C1B151372A4BF3910011620D /* Views */,
				C1B151362A4BF3850011620D /* Controllers */,
				C11D71E32A454E0100B31C26 /* Info.plist */,
			);
			path = ulearning_app_ios;
			sourceTree = "<group>";
		};
		C15654512A4E3F1600E6E42A /* APIClient */ = {
			isa = PBXGroup;
			children = (
				C15654522A4E3F3100E6E42A /* ULService.swift */,
				C15654542A4E3F3F00E6E42A /* ULEndpoint.swift */,
				C15654562A4E3F4D00E6E42A /* ULRequest.swift */,
			);
			path = APIClient;
			sourceTree = "<group>";
		};
		C15654582A4E3FCB00E6E42A /* Managers */ = {
			isa = PBXGroup;
			children = (
				C15654592A4E403600E6E42A /* ULAPICacheManager.swift */,
			);
			path = Managers;
			sourceTree = "<group>";
		};
		C1B151362A4BF3850011620D /* Controllers */ = {
			isa = PBXGroup;
			children = (
				C1B1513A2A4BF4110011620D /* ULTabBarViewController.swift */,
				C1B1513C2A4BF4220011620D /* ULHomeViewController.swift */,
				C1B1513E2A4BF4320011620D /* ULMessageViewController.swift */,
				C1B151402A4BF43D0011620D /* ULProfileViewController.swift */,
			);
			path = Controllers;
			sourceTree = "<group>";
		};
		C1B151372A4BF3910011620D /* Views */ = {
			isa = PBXGroup;
			children = (
			);
			path = Views;
			sourceTree = "<group>";
		};
		C1B151422A4BF4480011620D /* Resources */ = {
			isa = PBXGroup;
			children = (
				C11D71DE2A454E0100B31C26 /* Assets.xcassets */,
				C11D71E02A454E0100B31C26 /* LaunchScreen.storyboard */,
				C11D71D52A454DFF00B31C26 /* AppDelegate.swift */,
				C11D71D72A454DFF00B31C26 /* SceneDelegate.swift */,
			);
			path = Resources;
			sourceTree = "<group>";
		};
/* End PBXGroup section */

/* Begin PBXNativeTarget section */
		C11D71D12A454DFF00B31C26 /* ulearning_app_ios */ = {
			isa = PBXNativeTarget;
			buildConfigurationList = C11D71E62A454E0100B31C26 /* Build configuration list for PBXNativeTarget "ulearning_app_ios" */;
			buildPhases = (
				C11D71CE2A454DFF00B31C26 /* Sources */,
				C11D71CF2A454DFF00B31C26 /* Frameworks */,
				C11D71D02A454DFF00B31C26 /* Resources */,
			);
			buildRules = (
			);
			dependencies = (
			);
			name = ulearning_app_ios;
			productName = ulearning_app_ios;
			productReference = C11D71D22A454DFF00B31C26 /* ulearning_app_ios.app */;
			productType = "com.apple.product-type.application";
		};
/* End PBXNativeTarget section */

/* Begin PBXProject section */
		C11D71CA2A454DFF00B31C26 /* Project object */ = {
			isa = PBXProject;
			attributes = {
				BuildIndependentTargetsInParallel = 1;
				LastSwiftUpdateCheck = 1430;
				LastUpgradeCheck = 1430;
				TargetAttributes = {
					C11D71D12A454DFF00B31C26 = {
						CreatedOnToolsVersion = 14.3.1;
					};
				};
			};
			buildConfigurationList = C11D71CD2A454DFF00B31C26 /* Build configuration list for PBXProject "ulearning_app_ios" */;
			compatibilityVersion = "Xcode 14.0";
			developmentRegion = en;
			hasScannedForEncodings = 0;
			knownRegions = (
				en,
				Base,
			);
			mainGroup = C11D71C92A454DFF00B31C26;
			productRefGroup = C11D71D32A454DFF00B31C26 /* Products */;
			projectDirPath = "";
			projectRoot = "";
			targets = (
				C11D71D12A454DFF00B31C26 /* ulearning_app_ios */,
			);
		};
/* End PBXProject section */

/* Begin PBXResourcesBuildPhase section */
		C11D71D02A454DFF00B31C26 /* Resources */ = {
			isa = PBXResourcesBuildPhase;
			buildActionMask = 2147483647;
			files = (
				C11D71E22A454E0100B31C26 /* LaunchScreen.storyboard in Resources */,
				C11D71DF2A454E0100B31C26 /* Assets.xcassets in Resources */,
			);
			runOnlyForDeploymentPostprocessing = 0;
		};
/* End PBXResourcesBuildPhase section */

/* Begin PBXSourcesBuildPhase section */
		C11D71CE2A454DFF00B31C26 /* Sources */ = {
			isa = PBXSourcesBuildPhase;
			buildActionMask = 2147483647;
			files = (
				C15654532A4E3F3100E6E42A /* ULService.swift in Sources */,
				C1B151412A4BF43D0011620D /* ULProfileViewController.swift in Sources */,
				C11D71D62A454DFF00B31C26 /* AppDelegate.swift in Sources */,
				C11D71D82A454DFF00B31C26 /* SceneDelegate.swift in Sources */,
				C15654572A4E3F4D00E6E42A /* ULRequest.swift in Sources */,
				C1B1513D2A4BF4220011620D /* ULHomeViewController.swift in Sources */,
				C156545A2A4E403600E6E42A /* ULAPICacheManager.swift in Sources */,
				C15654552A4E3F3F00E6E42A /* ULEndpoint.swift in Sources */,
				C1B1513B2A4BF4110011620D /* ULTabBarViewController.swift in Sources */,
				C1B1513F2A4BF4320011620D /* ULMessageViewController.swift in Sources */,
			);
			runOnlyForDeploymentPostprocessing = 0;
		};
/* End PBXSourcesBuildPhase section */

/* Begin PBXVariantGroup section */
		C11D71E02A454E0100B31C26 /* LaunchScreen.storyboard */ = {
			isa = PBXVariantGroup;
			children = (
				C11D71E12A454E0100B31C26 /* Base */,
			);
			name = LaunchScreen.storyboard;
			sourceTree = "<group>";
		};
/* End PBXVariantGroup section */

/* Begin XCBuildConfiguration section */
		C11D71E42A454E0100B31C26 /* Debug */ = {
			isa = XCBuildConfiguration;
			buildSettings = {
				ALWAYS_SEARCH_USER_PATHS = NO;
				CLANG_ANALYZER_NONNULL = YES;
				CLANG_ANALYZER_NUMBER_OBJECT_CONVERSION = YES_AGGRESSIVE;
				CLANG_CXX_LANGUAGE_STANDARD = "gnu++20";
				CLANG_ENABLE_MODULES = YES;
				CLANG_ENABLE_OBJC_ARC = YES;
				CLANG_ENABLE_OBJC_WEAK = YES;
				CLANG_WARN_BLOCK_CAPTURE_AUTORELEASING = YES;
				CLANG_WARN_BOOL_CONVERSION = YES;
				CLANG_WARN_COMMA = YES;
				CLANG_WARN_CONSTANT_CONVERSION = YES;
				CLANG_WARN_DEPRECATED_OBJC_IMPLEMENTATIONS = YES;
				CLANG_WARN_DIRECT_OBJC_ISA_USAGE = YES_ERROR;
				CLANG_WARN_DOCUMENTATION_COMMENTS = YES;
				CLANG_WARN_EMPTY_BODY = YES;
				CLANG_WARN_ENUM_CONVERSION = YES;
				CLANG_WARN_INFINITE_RECURSION = YES;
				CLANG_WARN_INT_CONVERSION = YES;
				CLANG_WARN_NON_LITERAL_NULL_CONVERSION = YES;
				CLANG_WARN_OBJC_IMPLICIT_RETAIN_SELF = YES;
				CLANG_WARN_OBJC_LITERAL_CONVERSION = YES;
				CLANG_WARN_OBJC_ROOT_CLASS = YES_ERROR;
				CLANG_WARN_QUOTED_INCLUDE_IN_FRAMEWORK_HEADER = YES;
				CLANG_WARN_RANGE_LOOP_ANALYSIS = YES;
				CLANG_WARN_STRICT_PROTOTYPES = YES;
				CLANG_WARN_SUSPICIOUS_MOVE = YES;
				CLANG_WARN_UNGUARDED_AVAILABILITY = YES_AGGRESSIVE;
				CLANG_WARN_UNREACHABLE_CODE = YES;
				CLANG_WARN__DUPLICATE_METHOD_MATCH = YES;
				COPY_PHASE_STRIP = NO;
				DEBUG_INFORMATION_FORMAT = dwarf;
				ENABLE_STRICT_OBJC_MSGSEND = YES;
				ENABLE_TESTABILITY = YES;
				GCC_C_LANGUAGE_STANDARD = gnu11;
				GCC_DYNAMIC_NO_PIC = NO;
				GCC_NO_COMMON_BLOCKS = YES;
				GCC_OPTIMIZATION_LEVEL = 0;
				GCC_PREPROCESSOR_DEFINITIONS = (
					"DEBUG=1",
					"$(inherited)",
				);
				GCC_WARN_64_TO_32_BIT_CONVERSION = YES;
				GCC_WARN_ABOUT_RETURN_TYPE = YES_ERROR;
				GCC_WARN_UNDECLARED_SELECTOR = YES;
				GCC_WARN_UNINITIALIZED_AUTOS = YES_AGGRESSIVE;
				GCC_WARN_UNUSED_FUNCTION = YES;
				GCC_WARN_UNUSED_VARIABLE = YES;
				IPHONEOS_DEPLOYMENT_TARGET = 16.4;
				MTL_ENABLE_DEBUG_INFO = INCLUDE_SOURCE;
				MTL_FAST_MATH = YES;
				ONLY_ACTIVE_ARCH = YES;
				SDKROOT = iphoneos;
				SWIFT_ACTIVE_COMPILATION_CONDITIONS = DEBUG;
				SWIFT_OPTIMIZATION_LEVEL = "-Onone";
			};
			name = Debug;
		};
		C11D71E52A454E0100B31C26 /* Release */ = {
			isa = XCBuildConfiguration;
			buildSettings = {
				ALWAYS_SEARCH_USER_PATHS = NO;
				CLANG_ANALYZER_NONNULL = YES;
				CLANG_ANALYZER_NUMBER_OBJECT_CONVERSION = YES_AGGRESSIVE;
				CLANG_CXX_LANGUAGE_STANDARD = "gnu++20";
				CLANG_ENABLE_MODULES = YES;
				CLANG_ENABLE_OBJC_ARC = YES;
				CLANG_ENABLE_OBJC_WEAK = YES;
				CLANG_WARN_BLOCK_CAPTURE_AUTORELEASING = YES;
				CLANG_WARN_BOOL_CONVERSION = YES;
				CLANG_WARN_COMMA = YES;
				CLANG_WARN_CONSTANT_CONVERSION = YES;
				CLANG_WARN_DEPRECATED_OBJC_IMPLEMENTATIONS = YES;
				CLANG_WARN_DIRECT_OBJC_ISA_USAGE = YES_ERROR;
				CLANG_WARN_DOCUMENTATION_COMMENTS = YES;
				CLANG_WARN_EMPTY_BODY = YES;
				CLANG_WARN_ENUM_CONVERSION = YES;
				CLANG_WARN_INFINITE_RECURSION = YES;
				CLANG_WARN_INT_CONVERSION = YES;
				CLANG_WARN_NON_LITERAL_NULL_CONVERSION = YES;
				CLANG_WARN_OBJC_IMPLICIT_RETAIN_SELF = YES;
				CLANG_WARN_OBJC_LITERAL_CONVERSION = YES;
				CLANG_WARN_OBJC_ROOT_CLASS = YES_ERROR;
				CLANG_WARN_QUOTED_INCLUDE_IN_FRAMEWORK_HEADER = YES;
				CLANG_WARN_RANGE_LOOP_ANALYSIS = YES;
				CLANG_WARN_STRICT_PROTOTYPES = YES;
				CLANG_WARN_SUSPICIOUS_MOVE = YES;
				CLANG_WARN_UNGUARDED_AVAILABILITY = YES_AGGRESSIVE;
				CLANG_WARN_UNREACHABLE_CODE = YES;
				CLANG_WARN__DUPLICATE_METHOD_MATCH = YES;
				COPY_PHASE_STRIP = NO;
				DEBUG_INFORMATION_FORMAT = "dwarf-with-dsym";
				ENABLE_NS_ASSERTIONS = NO;
				ENABLE_STRICT_OBJC_MSGSEND = YES;
				GCC_C_LANGUAGE_STANDARD = gnu11;
				GCC_NO_COMMON_BLOCKS = YES;
				GCC_WARN_64_TO_32_BIT_CONVERSION = YES;
				GCC_WARN_ABOUT_RETURN_TYPE = YES_ERROR;
				GCC_WARN_UNDECLARED_SELECTOR = YES;
				GCC_WARN_UNINITIALIZED_AUTOS = YES_AGGRESSIVE;
				GCC_WARN_UNUSED_FUNCTION = YES;
				GCC_WARN_UNUSED_VARIABLE = YES;
				IPHONEOS_DEPLOYMENT_TARGET = 16.4;
				MTL_ENABLE_DEBUG_INFO = NO;
				MTL_FAST_MATH = YES;
				SDKROOT = iphoneos;
				SWIFT_COMPILATION_MODE = wholemodule;
				SWIFT_OPTIMIZATION_LEVEL = "-O";
				VALIDATE_PRODUCT = YES;
			};
			name = Release;
		};
		C11D71E72A454E0100B31C26 /* Debug */ = {
			isa = XCBuildConfiguration;
			buildSettings = {
				ASSETCATALOG_COMPILER_APPICON_NAME = AppIcon;
				ASSETCATALOG_COMPILER_GLOBAL_ACCENT_COLOR_NAME = AccentColor;
				CODE_SIGN_STYLE = Automatic;
				CURRENT_PROJECT_VERSION = 1;
				DEVELOPMENT_TEAM = 2436FLG37H;
				GENERATE_INFOPLIST_FILE = YES;
				INFOPLIST_FILE = ulearning_app_ios/Info.plist;
				INFOPLIST_KEY_UIApplicationSupportsIndirectInputEvents = YES;
				INFOPLIST_KEY_UILaunchStoryboardName = LaunchScreen;
				INFOPLIST_KEY_UISupportedInterfaceOrientations_iPad = "UIInterfaceOrientationPortrait UIInterfaceOrientationPortraitUpsideDown UIInterfaceOrientationLandscapeLeft UIInterfaceOrientationLandscapeRight";
				INFOPLIST_KEY_UISupportedInterfaceOrientations_iPhone = "UIInterfaceOrientationPortrait UIInterfaceOrientationLandscapeLeft UIInterfaceOrientationLandscapeRight";
				LD_RUNPATH_SEARCH_PATHS = (
					"$(inherited)",
					"@executable_path/Frameworks",
				);
				MARKETING_VERSION = 1.0;
				PRODUCT_BUNDLE_IDENTIFIER = "dev.gonzcode.ulearning-app-ios";
				PRODUCT_NAME = "$(TARGET_NAME)";
				SWIFT_EMIT_LOC_STRINGS = YES;
				SWIFT_VERSION = 5.0;
				TARGETED_DEVICE_FAMILY = "1,2";
			};
			name = Debug;
		};
		C11D71E82A454E0100B31C26 /* Release */ = {
			isa = XCBuildConfiguration;
			buildSettings = {
				ASSETCATALOG_COMPILER_APPICON_NAME = AppIcon;
				ASSETCATALOG_COMPILER_GLOBAL_ACCENT_COLOR_NAME = AccentColor;
				CODE_SIGN_STYLE = Automatic;
				CURRENT_PROJECT_VERSION = 1;
				DEVELOPMENT_TEAM = 2436FLG37H;
				GENERATE_INFOPLIST_FILE = YES;
				INFOPLIST_FILE = ulearning_app_ios/Info.plist;
				INFOPLIST_KEY_UIApplicationSupportsIndirectInputEvents = YES;
				INFOPLIST_KEY_UILaunchStoryboardName = LaunchScreen;
				INFOPLIST_KEY_UISupportedInterfaceOrientations_iPad = "UIInterfaceOrientationPortrait UIInterfaceOrientationPortraitUpsideDown UIInterfaceOrientationLandscapeLeft UIInterfaceOrientationLandscapeRight";
				INFOPLIST_KEY_UISupportedInterfaceOrientations_iPhone = "UIInterfaceOrientationPortrait UIInterfaceOrientationLandscapeLeft UIInterfaceOrientationLandscapeRight";
				LD_RUNPATH_SEARCH_PATHS = (
					"$(inherited)",
					"@executable_path/Frameworks",
				);
				MARKETING_VERSION = 1.0;
				PRODUCT_BUNDLE_IDENTIFIER = "dev.gonzcode.ulearning-app-ios";
				PRODUCT_NAME = "$(TARGET_NAME)";
				SWIFT_EMIT_LOC_STRINGS = YES;
				SWIFT_VERSION = 5.0;
				TARGETED_DEVICE_FAMILY = "1,2";
			};
			name = Release;
		};
/* End XCBuildConfiguration section */

/* Begin XCConfigurationList section */
		C11D71CD2A454DFF00B31C26 /* Build configuration list for PBXProject "ulearning_app_ios" */ = {
			isa = XCConfigurationList;
			buildConfigurations = (
				C11D71E42A454E0100B31C26 /* Debug */,
				C11D71E52A454E0100B31C26 /* Release */,
			);
			defaultConfigurationIsVisible = 0;
			defaultConfigurationName = Release;
		};
		C11D71E62A454E0100B31C26 /* Build configuration list for PBXNativeTarget "ulearning_app_ios" */ = {
			isa = XCConfigurationList;
			buildConfigurations = (
				C11D71E72A454E0100B31C26 /* Debug */,
				C11D71E82A454E0100B31C26 /* Release */,
			);
			defaultConfigurationIsVisible = 0;
			defaultConfigurationName = Release;
		};
/* End XCConfigurationList section */
	};
	rootObject = C11D71CA2A454DFF00B31C26 /* Project object */;
}
